
Microsoft Visual Studio Solution File, Format Version 12.00
# Visual Studio 15
VisualStudioVersion = 15.0.28307.572
MinimumVisualStudioVersion = 10.0.40219.1
Project("{FAE04EC0-301F-11D3-BF4B-00C04F79EFBC}") = "ConsoleApp1", "ConsoleApp1\ConsoleApp1.csproj", "{59261A28-BAC9-455E-A873-BB43E9CE1289}"
EndProject
Global
	GlobalSection(SolutionConfigurationPlatforms) = preSolution
		Debug|Any CPU = Debug|Any CPU
		Release|Any CPU = Release|Any CPU
	EndGlobalSection
	GlobalSection(ProjectConfigurationPlatforms) = postSolution
		{59261A28-BAC9-455E-A873-BB43E9CE1289}.Debug|Any CPU.ActiveCfg = Debug|Any CPU
		{59261A28-BAC9-455E-A873-BB43E9CE1289}.Debug|Any CPU.Build.0 = Debug|Any CPU
		{59261A28-BAC9-455E-A873-BB43E9CE1289}.Release|Any CPU.ActiveCfg = Release|Any CPU
		{59261A28-BAC9-455E-A873-BB43E9CE1289}.Release|Any CPU.Build.0 = Release|Any CPU
	EndGlobalSection
	GlobalSection(SolutionProperties) = preSolution
		HideSolutionNode = FALSE
	EndGlobalSection
	GlobalSection(ExtensibilityGlobals) = postSolution
		SolutionGuid = {47413E08-2786-42F6-8717-76A9DD80EF59}
	EndGlobalSection
EndGlobal
