
Microsoft Visual Studio Solution File, Format Version 12.00
# Visual Studio 15
VisualStudioVersion = 15.0.28307.572
MinimumVisualStudioVersion = 10.0.40219.1
Project("{FAE04EC0-301F-11D3-BF4B-00C04F79EFBC}") = "Solid", "Solid\Solid.csproj", "{1BDDADD3-C4E9-4B02-B91C-E3CB0FEB67BF}"
EndProject
Global
	GlobalSection(SolutionConfigurationPlatforms) = preSolution
		Debug|Any CPU = Debug|Any CPU
		Release|Any CPU = Release|Any CPU
	EndGlobalSection
	GlobalSection(ProjectConfigurationPlatforms) = postSolution
		{1BDDADD3-C4E9-4B02-B91C-E3CB0FEB67BF}.Debug|Any CPU.ActiveCfg = Debug|Any CPU
		{1BDDADD3-C4E9-4B02-B91C-E3CB0FEB67BF}.Debug|Any CPU.Build.0 = Debug|Any CPU
		{1BDDADD3-C4E9-4B02-B91C-E3CB0FEB67BF}.Release|Any CPU.ActiveCfg = Release|Any CPU
		{1BDDADD3-C4E9-4B02-B91C-E3CB0FEB67BF}.Release|Any CPU.Build.0 = Release|Any CPU
	EndGlobalSection
	GlobalSection(SolutionProperties) = preSolution
		HideSolutionNode = FALSE
	EndGlobalSection
	GlobalSection(ExtensibilityGlobals) = postSolution
		SolutionGuid = {E7FDDB03-55FF-47C3-AC84-D7308D2F5014}
	EndGlobalSection
EndGlobal
